// !$*UTF8*$!
{
	archiveVersion = 1;
	classes = {
	};
	objectVersion = 77;
	objects = {

/* Begin PBXBuildFile section */
		1992E08E20244BC3CDC105B5 /* LlamaModel.swift in Sources */ = {isa = PBXBuildFile; fileRef = 6332D8769DAD6FC52D04181E /* LlamaModel.swift */; };
		2ECC48AE8C64FE9F80D95953 /* ChatterboxConfig.swift in Sources */ = {isa = PBXBuildFile; fileRef = 50FBC3ACD817B577E6DFB087 /* ChatterboxConfig.swift */; };
		4B5D90E2F128DDB37123EBA0 /* MLX in Frameworks */ = {isa = PBXBuildFile; productRef = 080E0E1B2AA039294162D44C /* MLX */; };
		69E812CEC45FBF7724577CC1 /* MLXNN in Frameworks */ = {isa = PBXBuildFile; productRef = 9BCEB15ED70DC75AB67DA76A /* MLXNN */; };
		72637E03A46FFDD47296CCCE /* AudioUtils.swift in Sources */ = {isa = PBXBuildFile; fileRef = E2EE60189BC5025E127B3DEC /* AudioUtils.swift */; };
		7F36831F7C78808E4E3D74AD /* MLXFFT in Frameworks */ = {isa = PBXBuildFile; productRef = 5B9D55BA2C66AEF21781A6F7 /* MLXFFT */; };
		8E755ECD296B9AEA96F59830 /* ChatterboxPipeline.swift in Sources */ = {isa = PBXBuildFile; fileRef = 8B263F34662A4E9BE5A7A74C /* ChatterboxPipeline.swift */; };
		A211C82ACA31A4AC2C64C248 /* MLXRandom in Frameworks */ = {isa = PBXBuildFile; productRef = E02FD46B15A0E577B70D106A /* MLXRandom */; };
		A22346F7D7C752E85F14BA18 /* HiFTGenerator.swift in Sources */ = {isa = PBXBuildFile; fileRef = 67671949737A91D1114C8228 /* HiFTGenerator.swift */; };
		A66E80FF45F63B508A44691B /* T3Model.swift in Sources */ = {isa = PBXBuildFile; fileRef = D373E518BD8F4070536F95BA /* T3Model.swift */; };
		AAAA0001BBBB2222CCCC0001 /* onnxruntime in Frameworks */ = {isa = PBXBuildFile; productRef = AAAA0001BBBB2222CCCC0002 /* onnxruntime */; };
		D50D0C85B1C464670B86083E /* T3CondEnc.swift in Sources */ = {isa = PBXBuildFile; fileRef = 4A9C55FB78B2FEF3673188F5 /* T3CondEnc.swift */; };
		EDFAE771D0C66D44CC596DD6 /* VoiceEncoder.swift in Sources */ = {isa = PBXBuildFile; fileRef = D04C4F6BC4B1123CC5766519 /* VoiceEncoder.swift */; };
/* End PBXBuildFile section */

/* Begin PBXFileReference section */
		4A9C55FB78B2FEF3673188F5 /* T3CondEnc.swift */ = {isa = PBXFileReference; includeInIndex = 1; lastKnownFileType = sourcecode.swift; path = T3CondEnc.swift; sourceTree = "<group>"; };
		50FBC3ACD817B577E6DFB087 /* ChatterboxConfig.swift */ = {isa = PBXFileReference; includeInIndex = 1; lastKnownFileType = sourcecode.swift; path = ChatterboxConfig.swift; sourceTree = "<group>"; };
		6332D8769DAD6FC52D04181E /* LlamaModel.swift */ = {isa = PBXFileReference; includeInIndex = 1; lastKnownFileType = sourcecode.swift; path = LlamaModel.swift; sourceTree = "<group>"; };
		67671949737A91D1114C8228 /* HiFTGenerator.swift */ = {isa = PBXFileReference; includeInIndex = 1; lastKnownFileType = sourcecode.swift; path = HiFTGenerator.swift; sourceTree = "<group>"; };
		8B263F34662A4E9BE5A7A74C /* ChatterboxPipeline.swift */ = {isa = PBXFileReference; includeInIndex = 1; lastKnownFileType = sourcecode.swift; path = ChatterboxPipeline.swift; sourceTree = "<group>"; };
		9079F7ED2F6EDE4900B4CE24 /* MyTeam.app */ = {isa = PBXFileReference; explicitFileType = wrapper.application; includeInIndex = 0; path = MyTeam.app; sourceTree = BUILT_PRODUCTS_DIR; };
		907C1FEB2F8183EF00D0AC87 /* MyTeam.xcodeproj */ = {isa = PBXFileReference; lastKnownFileType = "wrapper.pb-project"; path = MyTeam.xcodeproj; sourceTree = "<group>"; };
		907C31802F81917500D0AC87 /* MyTeam.xcodeproj */ = {isa = PBXFileReference; lastKnownFileType = "wrapper.pb-project"; path = MyTeam.xcodeproj; sourceTree = "<group>"; };
		907C47032F841C8A00D0AC87 /* MyTeam.xcodeproj */ = {isa = PBXFileReference; lastKnownFileType = "wrapper.pb-project"; path = MyTeam.xcodeproj; sourceTree = "<group>"; };
		907C5DDE2F84220F00D0AC87 /* MyTeam.xcodeproj */ = {isa = PBXFileReference; lastKnownFileType = "wrapper.pb-project"; path = MyTeam.xcodeproj; sourceTree = "<group>"; };
		907C659F2F926EA800D0AC87 /* MyTeam.xcodeproj */ = {isa = PBXFileReference; lastKnownFileType = "wrapper.pb-project"; path = MyTeam.xcodeproj; sourceTree = "<group>"; };
		907C6D5B2F926FDA00D0AC87 /* MyTeam.xcodeproj */ = {isa = PBXFileReference; lastKnownFileType = "wrapper.pb-project"; path = MyTeam.xcodeproj; sourceTree = "<group>"; };
		D04C4F6BC4B1123CC5766519 /* VoiceEncoder.swift */ = {isa = PBXFileReference; includeInIndex = 1; lastKnownFileType = sourcecode.swift; path = VoiceEncoder.swift; sourceTree = "<group>"; };
		D373E518BD8F4070536F95BA /* T3Model.swift */ = {isa = PBXFileReference; includeInIndex = 1; lastKnownFileType = sourcecode.swift; path = T3Model.swift; sourceTree = "<group>"; };
		E2EE60189BC5025E127B3DEC /* AudioUtils.swift */ = {isa = PBXFileReference; includeInIndex = 1; lastKnownFileType = sourcecode.swift; path = AudioUtils.swift; sourceTree = "<group>"; };
/* End PBXFileReference section */

/* Begin PBXFileSystemSynchronizedRootGroup section */
		9079F7EF2F6EDE4900B4CE24 /* . */ = {
			isa = PBXFileSystemSynchronizedRootGroup;
			exceptions = (
			);
			path = .;
			sourceTree = "<group>";
		};
/* End PBXFileSystemSynchronizedRootGroup section */

/* Begin PBXFrameworksBuildPhase section */
		9079F7EA2F6EDE4900B4CE24 /* Frameworks */ = {
			isa = PBXFrameworksBuildPhase;
			buildActionMask = 2147483647;
			files = (
				AAAA0001BBBB2222CCCC0001 /* onnxruntime in Frameworks */,
				4B5D90E2F128DDB37123EBA0 /* MLX in Frameworks */,
				A211C82ACA31A4AC2C64C248 /* MLXRandom in Frameworks */,
				69E812CEC45FBF7724577CC1 /* MLXNN in Frameworks */,
				7F36831F7C78808E4E3D74AD /* MLXFFT in Frameworks */,
			);
			runOnlyForDeploymentPostprocessing = 0;
		};
/* End PBXFrameworksBuildPhase section */

/* Begin PBXGroup section */
		8EAD91A347512A83BC142D85 /* MyTeam */ = {
			isa = PBXGroup;
			children = (
				E2EE60189BC5025E127B3DEC /* AudioUtils.swift */,
				50FBC3ACD817B577E6DFB087 /* ChatterboxConfig.swift */,
				8B263F34662A4E9BE5A7A74C /* ChatterboxPipeline.swift */,
				67671949737A91D1114C8228 /* HiFTGenerator.swift */,
				6332D8769DAD6FC52D04181E /* LlamaModel.swift */,
				4A9C55FB78B2FEF3673188F5 /* T3CondEnc.swift */,
				D373E518BD8F4070536F95BA /* T3Model.swift */,
				D04C4F6BC4B1123CC5766519 /* VoiceEncoder.swift */,
			);
			name = MyTeam;
			sourceTree = "<group>";
		};
		9079F7E42F6EDE4900B4CE24 = {
			isa = PBXGroup;
			children = (
				9079F7EF2F6EDE4900B4CE24 /* . */,
				9079F7EE2F6EDE4900B4CE24 /* Products */,
				8EAD91A347512A83BC142D85 /* MyTeam */,
			);
			sourceTree = "<group>";
		};
		9079F7EE2F6EDE4900B4CE24 /* Products */ = {
			isa = PBXGroup;
			children = (
				9079F7ED2F6EDE4900B4CE24 /* MyTeam.app */,
			);
			name = Products;
			sourceTree = "<group>";
		};
		907C1FFE2F8183EF00D0AC87 /* Products */ = {
			isa = PBXGroup;
			children = (
			);
			name = Products;
			sourceTree = "<group>";
		};
		907C31912F81917500D0AC87 /* Products */ = {
			isa = PBXGroup;
			children = (
			);
			name = Products;
			sourceTree = "<group>";
		};
		907C47172F841C8A00D0AC87 /* Products */ = {
			isa = PBXGroup;
			children = (
			);
			name = Products;
			sourceTree = "<group>";
		};
		907C5DF22F84220F00D0AC87 /* Products */ = {
			isa = PBXGroup;
			children = (
			);
			name = Products;
			sourceTree = "<group>";
		};
		907C65B72F926EA800D0AC87 /* Products */ = {
			isa = PBXGroup;
			children = (
			);
			name = Products;
			sourceTree = "<group>";
		};
		907C6D732F926FDA00D0AC87 /* Products */ = {
			isa = PBXGroup;
			children = (
			);
			name = Products;
			sourceTree = "<group>";
		};
/* End PBXGroup section */

/* Begin PBXNativeTarget section */
		9079F7EC2F6EDE4900B4CE24 /* MyTeam */ = {
			isa = PBXNativeTarget;
			buildConfigurationList = 9079F7F82F6EDE4900B4CE24 /* Build configuration list for PBXNativeTarget "MyTeam" */;
			buildPhases = (
				9079F7E92F6EDE4900B4CE24 /* Sources */,
				9079F7EA2F6EDE4900B4CE24 /* Frameworks */,
				9079F7EB2F6EDE4900B4CE24 /* Resources */,
			);
			buildRules = (
			);
			dependencies = (
			);
			fileSystemSynchronizedGroups = (
				9079F7EF2F6EDE4900B4CE24 /* . */,
			);
			name = MyTeam;
			packageProductDependencies = (
				AAAA0001BBBB2222CCCC0002 /* onnxruntime */,
				9BCEB15ED70DC75AB67DA76A /* MLXNN */,
				5B9D55BA2C66AEF21781A6F7 /* MLXFFT */,
			);
			productName = MyTeam;
			productReference = 9079F7ED2F6EDE4900B4CE24 /* MyTeam.app */;
			productType = "com.apple.product-type.application";
		};
/* End PBXNativeTarget section */

/* Begin PBXProject section */
		9079F7E52F6EDE4900B4CE24 /* Project object */ = {
			isa = PBXProject;
			attributes = {
				BuildIndependentTargetsInParallel = 1;
				LastSwiftUpdateCheck = 2630;
				LastUpgradeCheck = 2630;
				TargetAttributes = {
					9079F7EC2F6EDE4900B4CE24 = {
						CreatedOnToolsVersion = 26.3;
						LastSwiftMigration = 2630;
					};
				};
			};
			buildConfigurationList = 9079F7E82F6EDE4900B4CE24 /* Build configuration list for PBXProject "MyTeam" */;
			developmentRegion = en;
			hasScannedForEncodings = 0;
			knownRegions = (
				en,
				Base,
			);
			mainGroup = 9079F7E42F6EDE4900B4CE24;
			minimizedProjectReferenceProxies = 1;
			packageReferences = (
				AAAA0001BBBB2222CCCC0003 /* XCRemoteSwiftPackageReference "onnxruntime-swift-package-manager" */,
				B82E0410E8DA0C1ED3DD6B94 /* XCRemoteSwiftPackageReference "mlx-swift" */,
			);
			preferredProjectObjectVersion = 77;
			productRefGroup = 9079F7EE2F6EDE4900B4CE24 /* Products */;
			projectDirPath = "";
			projectReferences = (
				{
					ProductGroup = 907C47172F841C8A00D0AC87 /* Products */;
					ProjectRef = 907C47032F841C8A00D0AC87 /* MyTeam.xcodeproj */;
				},
				{
					ProductGroup = 907C1FFE2F8183EF00D0AC87 /* Products */;
					ProjectRef = 907C1FEB2F8183EF00D0AC87 /* MyTeam.xcodeproj */;
				},
				{
					ProductGroup = 907C31912F81917500D0AC87 /* Products */;
					ProjectRef = 907C31802F81917500D0AC87 /* MyTeam.xcodeproj */;
				},
				{
					ProductGroup = 907C5DF22F84220F00D0AC87 /* Products */;
					ProjectRef = 907C5DDE2F84220F00D0AC87 /* MyTeam.xcodeproj */;
				},
				{
					ProductGroup = 907C65B72F926EA800D0AC87 /* Products */;
					ProjectRef = 907C659F2F926EA800D0AC87 /* MyTeam.xcodeproj */;
				},
				{
					ProductGroup = 907C6D732F926FDA00D0AC87 /* Products */;
					ProjectRef = 907C6D5B2F926FDA00D0AC87 /* MyTeam.xcodeproj */;
				},
			);
			projectRoot = "";
			targets = (
				9079F7EC2F6EDE4900B4CE24 /* MyTeam */,
			);
		};
/* End PBXProject section */

/* Begin PBXResourcesBuildPhase section */
		9079F7EB2F6EDE4900B4CE24 /* Resources */ = {
			isa = PBXResourcesBuildPhase;
			buildActionMask = 2147483647;
			files = (
			);
			runOnlyForDeploymentPostprocessing = 0;
		};
/* End PBXResourcesBuildPhase section */

/* Begin PBXSourcesBuildPhase section */
		9079F7E92F6EDE4900B4CE24 /* Sources */ = {
			isa = PBXSourcesBuildPhase;
			buildActionMask = 2147483647;
			files = (
				72637E03A46FFDD47296CCCE /* AudioUtils.swift in Sources */,
				2ECC48AE8C64FE9F80D95953 /* ChatterboxConfig.swift in Sources */,
				8E755ECD296B9AEA96F59830 /* ChatterboxPipeline.swift in Sources */,
				A22346F7D7C752E85F14BA18 /* HiFTGenerator.swift in Sources */,
				1992E08E20244BC3CDC105B5 /* LlamaModel.swift in Sources */,
				D50D0C85B1C464670B86083E /* T3CondEnc.swift in Sources */,
				A66E80FF45F63B508A44691B /* T3Model.swift in Sources */,
				EDFAE771D0C66D44CC596DD6 /* VoiceEncoder.swift in Sources */,
			);
			runOnlyForDeploymentPostprocessing = 0;
		};
/* End PBXSourcesBuildPhase section */

/* Begin XCBuildConfiguration section */
		9079F7F62F6EDE4900B4CE24 /* Debug */ = {
			isa = XCBuildConfiguration;
			buildSettings = {
				ALWAYS_SEARCH_USER_PATHS = NO;
				ASSETCATALOG_COMPILER_GENERATE_SWIFT_ASSET_SYMBOL_EXTENSIONS = YES;
				CLANG_ANALYZER_NONNULL = YES;
				CLANG_ANALYZER_NUMBER_OBJECT_CONVERSION = YES_AGGRESSIVE;
				CLANG_CXX_LANGUAGE_STANDARD = "gnu++20";
				CLANG_ENABLE_MODULES = YES;
				CLANG_ENABLE_OBJC_ARC = YES;
				CLANG_ENABLE_OBJC_WEAK = YES;
				CLANG_WARN_BLOCK_CAPTURE_AUTORELEASING = YES;
				CLANG_WARN_BOOL_CONVERSION = YES;
				CLANG_WARN_COMMA = YES;
				CLANG_WARN_CONSTANT_CONVERSION = YES;
				CLANG_WARN_DEPRECATED_OBJC_IMPLEMENTATIONS = YES;
				CLANG_WARN_DIRECT_OBJC_ISA_USAGE = YES_ERROR;
				CLANG_WARN_DOCUMENTATION_COMMENTS = YES;
				CLANG_WARN_EMPTY_BODY = YES;
				CLANG_WARN_ENUM_CONVERSION = YES;
				CLANG_WARN_INFINITE_RECURSION = YES;
				CLANG_WARN_INT_CONVERSION = YES;
				CLANG_WARN_NON_LITERAL_NULL_CONVERSION = YES;
				CLANG_WARN_OBJC_IMPLICIT_RETAIN_SELF = YES;
				CLANG_WARN_OBJC_LITERAL_CONVERSION = YES;
				CLANG_WARN_OBJC_ROOT_CLASS = YES_ERROR;
				CLANG_WARN_QUOTED_INCLUDE_IN_FRAMEWORK_HEADER = YES;
				CLANG_WARN_RANGE_LOOP_ANALYSIS = YES;
				CLANG_WARN_STRICT_PROTOTYPES = YES;
				CLANG_WARN_SUSPICIOUS_MOVE = YES;
				CLANG_WARN_UNGUARDED_AVAILABILITY = YES_AGGRESSIVE;
				CLANG_WARN_UNREACHABLE_CODE = YES;
				CLANG_WARN__DUPLICATE_METHOD_MATCH = YES;
				COPY_PHASE_STRIP = NO;
				DEBUG_INFORMATION_FORMAT = dwarf;
				ENABLE_STRICT_OBJC_MSGSEND = YES;
				ENABLE_TESTABILITY = YES;
				ENABLE_USER_SCRIPT_SANDBOXING = YES;
				GCC_C_LANGUAGE_STANDARD = gnu17;
				GCC_DYNAMIC_NO_PIC = NO;
				GCC_NO_COMMON_BLOCKS = YES;
				GCC_OPTIMIZATION_LEVEL = 0;
				GCC_PREPROCESSOR_DEFINITIONS = (
					"DEBUG=1",
					"$(inherited)",
				);
				GCC_WARN_64_TO_32_BIT_CONVERSION = YES;
				GCC_WARN_ABOUT_RETURN_TYPE = YES_ERROR;
				GCC_WARN_UNDECLARED_SELECTOR = YES;
				GCC_WARN_UNINITIALIZED_AUTOS = YES_AGGRESSIVE;
				GCC_WARN_UNUSED_FUNCTION = YES;
				GCC_WARN_UNUSED_VARIABLE = YES;
				LOCALIZATION_PREFERS_STRING_CATALOGS = YES;
				MACOSX_DEPLOYMENT_TARGET = 26.2;
				MTL_ENABLE_DEBUG_INFO = INCLUDE_SOURCE;
				MTL_FAST_MATH = YES;
				ONLY_ACTIVE_ARCH = YES;
				SDKROOT = macosx;
				SWIFT_ACTIVE_COMPILATION_CONDITIONS = "DEBUG $(inherited)";
				SWIFT_OPTIMIZATION_LEVEL = "-Onone";
			};
			name = Debug;
		};
		9079F7F72F6EDE4900B4CE24 /* Release */ = {
			isa = XCBuildConfiguration;
			buildSettings = {
				ALWAYS_SEARCH_USER_PATHS = NO;
				ASSETCATALOG_COMPILER_GENERATE_SWIFT_ASSET_SYMBOL_EXTENSIONS = YES;
				CLANG_ANALYZER_NONNULL = YES;
				CLANG_ANALYZER_NUMBER_OBJECT_CONVERSION = YES_AGGRESSIVE;
				CLANG_CXX_LANGUAGE_STANDARD = "gnu++20";
				CLANG_ENABLE_MODULES = YES;
				CLANG_ENABLE_OBJC_ARC = YES;
				CLANG_ENABLE_OBJC_WEAK = YES;
				CLANG_WARN_BLOCK_CAPTURE_AUTORELEASING = YES;
				CLANG_WARN_BOOL_CONVERSION = YES;
				CLANG_WARN_COMMA = YES;
				CLANG_WARN_CONSTANT_CONVERSION = YES;
				CLANG_WARN_DEPRECATED_OBJC_IMPLEMENTATIONS = YES;
				CLANG_WARN_DIRECT_OBJC_ISA_USAGE = YES_ERROR;
				CLANG_WARN_DOCUMENTATION_COMMENTS = YES;
				CLANG_WARN_EMPTY_BODY = YES;
				CLANG_WARN_ENUM_CONVERSION = YES;
				CLANG_WARN_INFINITE_RECURSION = YES;
				CLANG_WARN_INT_CONVERSION = YES;
				CLANG_WARN_NON_LITERAL_NULL_CONVERSION = YES;
				CLANG_WARN_OBJC_IMPLICIT_RETAIN_SELF = YES;
				CLANG_WARN_OBJC_LITERAL_CONVERSION = YES;
				CLANG_WARN_OBJC_ROOT_CLASS = YES_ERROR;
				CLANG_WARN_QUOTED_INCLUDE_IN_FRAMEWORK_HEADER = YES;
				CLANG_WARN_RANGE_LOOP_ANALYSIS = YES;
				CLANG_WARN_STRICT_PROTOTYPES = YES;
				CLANG_WARN_SUSPICIOUS_MOVE = YES;
				CLANG_WARN_UNGUARDED_AVAILABILITY = YES_AGGRESSIVE;
				CLANG_WARN_UNREACHABLE_CODE = YES;
				CLANG_WARN__DUPLICATE_METHOD_MATCH = YES;
				COPY_PHASE_STRIP = NO;
				DEBUG_INFORMATION_FORMAT = "dwarf-with-dsym";
				ENABLE_NS_ASSERTIONS = NO;
				ENABLE_STRICT_OBJC_MSGSEND = YES;
				ENABLE_USER_SCRIPT_SANDBOXING = YES;
				GCC_C_LANGUAGE_STANDARD = gnu17;
				GCC_NO_COMMON_BLOCKS = YES;
				GCC_WARN_64_TO_32_BIT_CONVERSION = YES;
				GCC_WARN_ABOUT_RETURN_TYPE = YES_ERROR;
				GCC_WARN_UNDECLARED_SELECTOR = YES;
				GCC_WARN_UNINITIALIZED_AUTOS = YES_AGGRESSIVE;
				GCC_WARN_UNUSED_FUNCTION = YES;
				GCC_WARN_UNUSED_VARIABLE = YES;
				LOCALIZATION_PREFERS_STRING_CATALOGS = YES;
				MACOSX_DEPLOYMENT_TARGET = 26.2;
				MTL_ENABLE_DEBUG_INFO = NO;
				MTL_FAST_MATH = YES;
				SDKROOT = macosx;
				SWIFT_COMPILATION_MODE = wholemodule;
			};
			name = Release;
		};
		9079F7F92F6EDE4900B4CE24 /* Debug */ = {
			isa = XCBuildConfiguration;
			buildSettings = {
				ASSETCATALOG_COMPILER_APPICON_NAME = AppIcon;
				ASSETCATALOG_COMPILER_GLOBAL_ACCENT_COLOR_NAME = AccentColor;
				CLANG_ENABLE_MODULES = YES;
				CODE_SIGN_IDENTITY = "-";
				CODE_SIGN_STYLE = Manual;
				COMBINE_HIDPI_IMAGES = YES;
				CURRENT_PROJECT_VERSION = 1;
				ENABLE_APP_SANDBOX = NO;
				ENABLE_INCOMING_NETWORK_CONNECTIONS = NO;
				ENABLE_OUTGOING_NETWORK_CONNECTIONS = YES;
				ENABLE_PREVIEWS = YES;
				ENABLE_RESOURCE_ACCESS_AUDIO_INPUT = YES;
				ENABLE_RESOURCE_ACCESS_BLUETOOTH = NO;
				ENABLE_RESOURCE_ACCESS_CALENDARS = NO;
				ENABLE_RESOURCE_ACCESS_CAMERA = NO;
				ENABLE_RESOURCE_ACCESS_CONTACTS = NO;
				ENABLE_RESOURCE_ACCESS_LOCATION = NO;
				ENABLE_RESOURCE_ACCESS_PRINTING = NO;
				ENABLE_RESOURCE_ACCESS_USB = NO;
				ENABLE_USER_SELECTED_FILES = readonly;
				GENERATE_INFOPLIST_FILE = YES;
				INFOPLIST_KEY_NSHumanReadableCopyright = "";
				INFOPLIST_KEY_NSLocationUsageDescription = "에이전트가 현실적인 대화를 하기 위해 위치 정보를 사용합니다";
				INFOPLIST_KEY_NSMicrophoneUsageDescription = "STT 음성 입력을 위해 마이크가 필요합니다.";
				INFOPLIST_KEY_NSSpeechRecognitionUsageDescription = "에이전트에게 전달할 음성을 텍스트로 변환합니다.";
				LD_RUNPATH_SEARCH_PATHS = (
					"$(inherited)",
					"@executable_path/../Frameworks",
				);
				MARKETING_VERSION = 1.0;
				PRODUCT_BUNDLE_IDENTIFIER = com.urang.MyTeam;
				PRODUCT_NAME = "$(TARGET_NAME)";
				REGISTER_APP_GROUPS = YES;
				STRING_CATALOG_GENERATE_SYMBOLS = YES;
				SWIFT_APPROACHABLE_CONCURRENCY = YES;
				SWIFT_DEFAULT_ACTOR_ISOLATION = MainActor;
				SWIFT_EMIT_LOC_STRINGS = YES;
				SWIFT_OPTIMIZATION_LEVEL = "-Onone";
				SWIFT_STRICT_CONCURRENCY = targeted;
				SWIFT_UPCOMING_FEATURE_MEMBER_IMPORT_VISIBILITY = YES;
				SWIFT_VERSION = 5.0;
			};
			name = Debug;
		};
		9079F7FA2F6EDE4900B4CE24 /* Release */ = {
			isa = XCBuildConfiguration;
			buildSettings = {
				ASSETCATALOG_COMPILER_APPICON_NAME = AppIcon;
				ASSETCATALOG_COMPILER_GLOBAL_ACCENT_COLOR_NAME = AccentColor;
				CLANG_ENABLE_MODULES = YES;
				CODE_SIGN_IDENTITY = "-";
				CODE_SIGN_STYLE = Manual;
				COMBINE_HIDPI_IMAGES = YES;
				CURRENT_PROJECT_VERSION = 1;
				ENABLE_APP_SANDBOX = NO;
				ENABLE_INCOMING_NETWORK_CONNECTIONS = NO;
				ENABLE_OUTGOING_NETWORK_CONNECTIONS = YES;
				ENABLE_PREVIEWS = YES;
				ENABLE_RESOURCE_ACCESS_AUDIO_INPUT = YES;
				ENABLE_RESOURCE_ACCESS_BLUETOOTH = NO;
				ENABLE_RESOURCE_ACCESS_CALENDARS = NO;
				ENABLE_RESOURCE_ACCESS_CAMERA = NO;
				ENABLE_RESOURCE_ACCESS_CONTACTS = NO;
				ENABLE_RESOURCE_ACCESS_LOCATION = NO;
				ENABLE_RESOURCE_ACCESS_PRINTING = NO;
				ENABLE_RESOURCE_ACCESS_USB = NO;
				ENABLE_USER_SELECTED_FILES = readonly;
				GENERATE_INFOPLIST_FILE = YES;
				INFOPLIST_KEY_NSHumanReadableCopyright = "";
				INFOPLIST_KEY_NSLocationUsageDescription = "에이전트가 현실적인 대화를 하기 위해 위치 정보를 사용합니다";
				INFOPLIST_KEY_NSMicrophoneUsageDescription = "STT 음성 입력을 위해 마이크가 필요합니다.";
				INFOPLIST_KEY_NSSpeechRecognitionUsageDescription = "에이전트에게 전달할 음성을 텍스트로 변환합니다.";
				LD_RUNPATH_SEARCH_PATHS = (
					"$(inherited)",
					"@executable_path/../Frameworks",
				);
				MARKETING_VERSION = 1.0;
				PRODUCT_BUNDLE_IDENTIFIER = com.urang.MyTeam;
				PRODUCT_NAME = "$(TARGET_NAME)";
				REGISTER_APP_GROUPS = YES;
				STRING_CATALOG_GENERATE_SYMBOLS = YES;
				SWIFT_APPROACHABLE_CONCURRENCY = YES;
				SWIFT_DEFAULT_ACTOR_ISOLATION = MainActor;
				SWIFT_EMIT_LOC_STRINGS = YES;
				SWIFT_STRICT_CONCURRENCY = targeted;
				SWIFT_UPCOMING_FEATURE_MEMBER_IMPORT_VISIBILITY = YES;
				SWIFT_VERSION = 5.0;
			};
			name = Release;
		};
/* End XCBuildConfiguration section */

/* Begin XCConfigurationList section */
		9079F7E82F6EDE4900B4CE24 /* Build configuration list for PBXProject "MyTeam" */ = {
			isa = XCConfigurationList;
			buildConfigurations = (
				9079F7F62F6EDE4900B4CE24 /* Debug */,
				9079F7F72F6EDE4900B4CE24 /* Release */,
			);
			defaultConfigurationIsVisible = 0;
			defaultConfigurationName = Release;
		};
		9079F7F82F6EDE4900B4CE24 /* Build configuration list for PBXNativeTarget "MyTeam" */ = {
			isa = XCConfigurationList;
			buildConfigurations = (
				9079F7F92F6EDE4900B4CE24 /* Debug */,
				9079F7FA2F6EDE4900B4CE24 /* Release */,
			);
			defaultConfigurationIsVisible = 0;
			defaultConfigurationName = Release;
		};
/* End XCConfigurationList section */

/* Begin XCRemoteSwiftPackageReference section */
		AAAA0001BBBB2222CCCC0003 /* XCRemoteSwiftPackageReference "onnxruntime-swift-package-manager" */ = {
			isa = XCRemoteSwiftPackageReference;
			repositoryURL = "https://github.com/microsoft/onnxruntime-swift-package-manager";
			requirement = {
				kind = upToNextMajorVersion;
				minimumVersion = 1.20.0;
			};
		};
		B82E0410E8DA0C1ED3DD6B94 /* XCRemoteSwiftPackageReference "mlx-swift" */ = {
			isa = XCRemoteSwiftPackageReference;
			repositoryURL = "https://github.com/ml-explore/mlx-swift.git";
			requirement = {
				kind = upToNextMajorVersion;
				minimumVersion = 0.22.0;
			};
		};
/* End XCRemoteSwiftPackageReference section */

/* Begin XCSwiftPackageProductDependency section */
		080E0E1B2AA039294162D44C /* MLX */ = {
			isa = XCSwiftPackageProductDependency;
			package = B82E0410E8DA0C1ED3DD6B94 /* XCRemoteSwiftPackageReference "mlx-swift" */;
			productName = MLX;
		};
		5B9D55BA2C66AEF21781A6F7 /* MLXFFT */ = {
			isa = XCSwiftPackageProductDependency;
			package = B82E0410E8DA0C1ED3DD6B94 /* XCRemoteSwiftPackageReference "mlx-swift" */;
			productName = MLXFFT;
		};
		9BCEB15ED70DC75AB67DA76A /* MLXNN */ = {
			isa = XCSwiftPackageProductDependency;
			package = B82E0410E8DA0C1ED3DD6B94 /* XCRemoteSwiftPackageReference "mlx-swift" */;
			productName = MLXNN;
		};
		AAAA0001BBBB2222CCCC0002 /* onnxruntime */ = {
			isa = XCSwiftPackageProductDependency;
			package = AAAA0001BBBB2222CCCC0003 /* XCRemoteSwiftPackageReference "onnxruntime-swift-package-manager" */;
			productName = onnxruntime;
		};
		E02FD46B15A0E577B70D106A /* MLXRandom */ = {
			isa = XCSwiftPackageProductDependency;
			package = B82E0410E8DA0C1ED3DD6B94 /* XCRemoteSwiftPackageReference "mlx-swift" */;
			productName = MLXRandom;
		};
/* End XCSwiftPackageProductDependency section */
	};
	rootObject = 9079F7E52F6EDE4900B4CE24 /* Project object */;
}
